{
    "name": "nodejs",
    "version": "1.0.0",
    "lockfileVersion": 2,
    "requires": true,
    "packages": {
        "": {
            "name": "nodejs",
            "version": "1.0.0",
            "license": "ISC",
            "dependencies": {
                "formidable": "^2.0.1",
                "nodemailer": "^6.7.2",
                "upper-case": "^2.0.2"
            }
        },
        "node_modules/asap": {
            "version": "2.0.6",
            "license": "MIT"
        },
        "node_modules/dezalgo": {
            "version": "1.0.3",
            "license": "ISC",
            "dependencies": {
                "asap": "^2.0.0",
                "wrappy": "1"
            }
        },
        "node_modules/formidable": {
            "version": "2.0.1",
            "resolved": "https://registry.npmjs.org/formidable/-/formidable-2.0.1.tgz",
            "integrity": "sha512-rjTMNbp2BpfQShhFbR3Ruk3qk2y9jKpvMW78nJgx8QKtxjDVrwbZG+wvDOmVbifHyOUOQJXxqEy6r0faRrPzTQ==",
            "dependencies": {
                "dezalgo": "1.0.3",
                "hexoid": "1.0.0",
                "once": "1.4.0",
                "qs": "6.9.3"
            },
            "funding": {
                "url": "https://ko-fi.com/tunnckoCore/commissions"
            }
        },
        "node_modules/hexoid": {
            "version": "1.0.0",
            "license": "MIT",
            "engines": {
                "node": ">=8"
            }
        },
        "node_modules/nodemailer": {
            "version": "6.7.2",
            "resolved": "https://registry.npmjs.org/nodemailer/-/nodemailer-6.7.2.tgz",
            "integrity": "sha512-Dz7zVwlef4k5R71fdmxwR8Q39fiboGbu3xgswkzGwczUfjp873rVxt1O46+Fh0j1ORnAC6L9+heI8uUpO6DT7Q==",
            "engines": {
                "node": ">=6.0.0"
            }
        },
        "node_modules/once": {
            "version": "1.4.0",
            "license": "ISC",
            "dependencies": {
                "wrappy": "1"
            }
        },
        "node_modules/qs": {
            "version": "6.9.3",
            "license": "BSD-3-Clause",
            "engines": {
                "node": ">=0.6"
            },
            "funding": {
                "url": "https://github.com/sponsors/ljharb"
            }
        },
        "node_modules/tslib": {
            "version": "2.3.1",
            "license": "0BSD"
        },
        "node_modules/upper-case": {
            "version": "2.0.2",
            "license": "MIT",
            "dependencies": {
                "tslib": "^2.0.3"
            }
        },
        "node_modules/wrappy": {
            "version": "1.0.2",
            "license": "ISC"
        }
    },
    "dependencies": {
        "asap": {
            "version": "2.0.6"
        },
        "dezalgo": {
            "version": "1.0.3",
            "requires": {
                "asap": "^2.0.0",
                "wrappy": "1"
            }
        },
        "formidable": {
            "version": "2.0.1",
            "resolved": "https://registry.npmjs.org/formidable/-/formidable-2.0.1.tgz",
            "integrity": "sha512-rjTMNbp2BpfQShhFbR3Ruk3qk2y9jKpvMW78nJgx8QKtxjDVrwbZG+wvDOmVbifHyOUOQJXxqEy6r0faRrPzTQ==",
            "requires": {
                "dezalgo": "1.0.3",
                "hexoid": "1.0.0",
                "once": "1.4.0",
                "qs": "6.9.3"
            }
        },
        "hexoid": {
            "version": "1.0.0"
        },
        "nodemailer": {
            "version": "6.7.2",
            "resolved": "https://registry.npmjs.org/nodemailer/-/nodemailer-6.7.2.tgz",
            "integrity": "sha512-Dz7zVwlef4k5R71fdmxwR8Q39fiboGbu3xgswkzGwczUfjp873rVxt1O46+Fh0j1ORnAC6L9+heI8uUpO6DT7Q=="
        },
        "once": {
            "version": "1.4.0",
            "requires": {
                "wrappy": "1"
            }
        },
        "qs": {
            "version": "6.9.3"
        },
        "tslib": {
            "version": "2.3.1"
        },
        "upper-case": {
            "version": "2.0.2",
            "requires": {
                "tslib": "^2.0.3"
            }
        },
        "wrappy": {
            "version": "1.0.2"
        }
    }
}
